{
  "name": "BergenSocket",
  "lockfileVersion": 2,
  "requires": true,
  "packages": {
    "": {
      "dependencies": {
        "svelte": "^3.46.5"
      }
    },
    "node_modules/svelte": {
      "version": "3.46.5",
      "resolved": "https://registry.npmjs.org/svelte/-/svelte-3.46.5.tgz",
      "integrity": "sha512-T4txpIgYEGTkpFY2KQoqvtDmapu/suHMx0GN2zAImdJ7liEdG29P0XpjcNHnOEU1a4lLJn1WXxreobBSIGdcbQ==",
      "engines": {
        "node": ">= 8"
      }
    }
  },
  "dependencies": {
    "svelte": {
      "version": "3.46.5",
      "resolved": "https://registry.npmjs.org/svelte/-/svelte-3.46.5.tgz",
      "integrity": "sha512-T4txpIgYEGTkpFY2KQoqvtDmapu/suHMx0GN2zAImdJ7liEdG29P0XpjcNHnOEU1a4lLJn1WXxreobBSIGdcbQ=="
    }
  }
}
